
Microsoft Visual Studio Solution File, Format Version 11.00
# Visual Studio 2010
Project("{8BC9CEB8-8B4A-11D0-8D11-00A0C91BC942}") = "snippets_pro", "snippets_pro\snippets_pro.vcxproj", "{DA671CB1-0ADF-4EE1-BCDE-D63870E22A73}"
EndProject
Project("{8BC9CEB8-8B4A-11D0-8D11-00A0C91BC942}") = "boost_test", "boost_test\boost_test.vcxproj", "{C0DA4E8F-D888-4DC7-AB92-56478037CD39}"
EndProject
Project("{8BC9CEB8-8B4A-11D0-8D11-00A0C91BC942}") = "normal_cplusplus", "normal_cplusplus\normal_cplusplus.vcxproj", "{B4BF69D2-E4DB-4321-8179-46102770EBF3}"
EndProject
Global
	GlobalSection(SolutionConfigurationPlatforms) = preSolution
		Debug|Win32 = Debug|Win32
		Release|Win32 = Release|Win32
	EndGlobalSection
	GlobalSection(ProjectConfigurationPlatforms) = postSolution
		{DA671CB1-0ADF-4EE1-BCDE-D63870E22A73}.Debug|Win32.ActiveCfg = Debug|Win32
		{DA671CB1-0ADF-4EE1-BCDE-D63870E22A73}.Debug|Win32.Build.0 = Debug|Win32
		{DA671CB1-0ADF-4EE1-BCDE-D63870E22A73}.Release|Win32.ActiveCfg = Release|Win32
		{DA671CB1-0ADF-4EE1-BCDE-D63870E22A73}.Release|Win32.Build.0 = Release|Win32
		{C0DA4E8F-D888-4DC7-AB92-56478037CD39}.Debug|Win32.ActiveCfg = Debug|Win32
		{C0DA4E8F-D888-4DC7-AB92-56478037CD39}.Debug|Win32.Build.0 = Debug|Win32
		{C0DA4E8F-D888-4DC7-AB92-56478037CD39}.Release|Win32.ActiveCfg = Release|Win32
		{C0DA4E8F-D888-4DC7-AB92-56478037CD39}.Release|Win32.Build.0 = Release|Win32
		{B4BF69D2-E4DB-4321-8179-46102770EBF3}.Debug|Win32.ActiveCfg = Debug|Win32
		{B4BF69D2-E4DB-4321-8179-46102770EBF3}.Debug|Win32.Build.0 = Debug|Win32
		{B4BF69D2-E4DB-4321-8179-46102770EBF3}.Release|Win32.ActiveCfg = Release|Win32
		{B4BF69D2-E4DB-4321-8179-46102770EBF3}.Release|Win32.Build.0 = Release|Win32
	EndGlobalSection
	GlobalSection(SolutionProperties) = preSolution
		HideSolutionNode = FALSE
	EndGlobalSection
EndGlobal
