<?xml version="1.0" encoding="utf-8"?>
<Project ToolsVersion="4.0" xmlns="http://schemas.microsoft.com/developer/msbuild/2003">
  <ItemGroup>
    <ClCompile Include="main.cpp" />
  </ItemGroup>
  <ItemGroup>
    <Filter Include="normal_tcp">
      <UniqueIdentifier>{7659c6f7-6c4c-4923-ae28-ad8329a1ffe3}</UniqueIdentifier>
    </Filter>
    <Filter Include="normal_udp">
      <UniqueIdentifier>{3ab98d73-ee2f-4b47-922a-cc14ce4c871f}</UniqueIdentifier>
    </Filter>
  </ItemGroup>
  <ItemGroup>
    <ClInclude Include="normal_tcp\tcp_server.h">
      <Filter>normal_tcp</Filter>
    </ClInclude>
    <ClInclude Include="normal_tcp\tcp_client.h">
      <Filter>normal_tcp</Filter>
    </ClInclude>
    <ClInclude Include="normal_udp\udp_server.h">
      <Filter>normal_udp</Filter>
    </ClInclude>
    <ClInclude Include="normal_udp\udp_client.h">
      <Filter>normal_udp</Filter>
    </ClInclude>
  </ItemGroup>
</Project>